
Microsoft Visual Studio Solution File, Format Version 11.00
# Visual Studio 2010
Project("{FAE04EC0-301F-11D3-BF4B-00C04F79EFBC}") = "CardGenerator", "CardGenerator\CardGenerator.csproj", "{8D393D07-26EB-4D4A-88EF-CDDAC536D482}"
EndProject
Project("{FAE04EC0-301F-11D3-BF4B-00C04F79EFBC}") = "CardGeneratorGUI", "CardGeneratorGUI\CardGeneratorGUI.csproj", "{81A9D225-F9EC-4259-9BB4-ACCB852B429E}"
EndProject
Global
	GlobalSection(SolutionConfigurationPlatforms) = preSolution
		Debug|Any CPU = Debug|Any CPU
		Debug|Mixed Platforms = Debug|Mixed Platforms
		Debug|x86 = Debug|x86
		Release|Any CPU = Release|Any CPU
		Release|Mixed Platforms = Release|Mixed Platforms
		Release|x86 = Release|x86
	EndGlobalSection
	GlobalSection(ProjectConfigurationPlatforms) = postSolution
		{8D393D07-26EB-4D4A-88EF-CDDAC536D482}.Debug|Any CPU.ActiveCfg = Debug|Any CPU
		{8D393D07-26EB-4D4A-88EF-CDDAC536D482}.Debug|Any CPU.Build.0 = Debug|Any CPU
		{8D393D07-26EB-4D4A-88EF-CDDAC536D482}.Debug|Mixed Platforms.ActiveCfg = Debug|Any CPU
		{8D393D07-26EB-4D4A-88EF-CDDAC536D482}.Debug|Mixed Platforms.Build.0 = Debug|Any CPU
		{8D393D07-26EB-4D4A-88EF-CDDAC536D482}.Debug|x86.ActiveCfg = Debug|Any CPU
		{8D393D07-26EB-4D4A-88EF-CDDAC536D482}.Release|Any CPU.ActiveCfg = Release|Any CPU
		{8D393D07-26EB-4D4A-88EF-CDDAC536D482}.Release|Any CPU.Build.0 = Release|Any CPU
		{8D393D07-26EB-4D4A-88EF-CDDAC536D482}.Release|Mixed Platforms.ActiveCfg = Release|Any CPU
		{8D393D07-26EB-4D4A-88EF-CDDAC536D482}.Release|Mixed Platforms.Build.0 = Release|Any CPU
		{8D393D07-26EB-4D4A-88EF-CDDAC536D482}.Release|x86.ActiveCfg = Release|Any CPU
		{81A9D225-F9EC-4259-9BB4-ACCB852B429E}.Debug|Any CPU.ActiveCfg = Debug|x86
		{81A9D225-F9EC-4259-9BB4-ACCB852B429E}.Debug|Mixed Platforms.ActiveCfg = Debug|x86
		{81A9D225-F9EC-4259-9BB4-ACCB852B429E}.Debug|Mixed Platforms.Build.0 = Debug|x86
		{81A9D225-F9EC-4259-9BB4-ACCB852B429E}.Debug|x86.ActiveCfg = Debug|x86
		{81A9D225-F9EC-4259-9BB4-ACCB852B429E}.Debug|x86.Build.0 = Debug|x86
		{81A9D225-F9EC-4259-9BB4-ACCB852B429E}.Release|Any CPU.ActiveCfg = Release|x86
		{81A9D225-F9EC-4259-9BB4-ACCB852B429E}.Release|Mixed Platforms.ActiveCfg = Release|x86
		{81A9D225-F9EC-4259-9BB4-ACCB852B429E}.Release|Mixed Platforms.Build.0 = Release|x86
		{81A9D225-F9EC-4259-9BB4-ACCB852B429E}.Release|x86.ActiveCfg = Release|x86
		{81A9D225-F9EC-4259-9BB4-ACCB852B429E}.Release|x86.Build.0 = Release|x86
	EndGlobalSection
	GlobalSection(SolutionProperties) = preSolution
		HideSolutionNode = FALSE
	EndGlobalSection
EndGlobal
